
Microsoft Visual Studio Solution File, Format Version 12.00
# Visual Studio Version 18
VisualStudioVersion = 18.8.12023.21 stable
MinimumVisualStudioVersion = 10.0.40219.1
Project("{FAE04EC0-301F-11D3-BF4B-00C04F79EFBC}") = "ClaudeAgentDashboard.Application", "src\ClaudeAgentDashboard.Application\ClaudeAgentDashboard.Application.csproj", "{B9F439C6-694B-4E44-FAFE-34B207BBA4FD}"
EndProject
Project("{FAE04EC0-301F-11D3-BF4B-00C04F79EFBC}") = "ClaudeAgentDashboard.Domain", "src\ClaudeAgentDashboard.Domain\ClaudeAgentDashboard.Domain.csproj", "{F3365C27-B30F-63A5-9295-6CA3D332A1B1}"
EndProject
Project("{FAE04EC0-301F-11D3-BF4B-00C04F79EFBC}") = "ClaudeAgentDashboard.Infrastructure", "src\ClaudeAgentDashboard.Infrastructure\ClaudeAgentDashboard.Infrastructure.csproj", "{8DF4762E-C84E-B6F3-3DA2-E942C5150DA8}"
EndProject
Project("{FAE04EC0-301F-11D3-BF4B-00C04F79EFBC}") = "ClaudeAgentDashboard.Presentation", "src\ClaudeAgentDashboard.Presentation\ClaudeAgentDashboard.Presentation.csproj", "{DD96E0AE-AA53-463B-CAC7-81B5AC4BD2AA}"
EndProject
Project("{2150E333-8FDC-42A3-9474-1A3956D46DE8}") = "tests", "tests", "{93B89E64-25E6-4947-B06C-9F314C4AD52A}"
	ProjectSection(SolutionItems) = preProject
		tests\ClaudeAgentDashboard.Infrastructure.IntegrationTests\ClaudeAgentDashboard.Infrastructure.IntegrationTests.csproj = tests\ClaudeAgentDashboard.Infrastructure.IntegrationTests\ClaudeAgentDashboard.Infrastructure.IntegrationTests.csproj
	EndProjectSection
EndProject
Project("{FAE04EC0-301F-11D3-BF4B-00C04F79EFBC}") = "ClaudeAgentDashboard.Application.UnitTests", "tests\ClaudeAgentDashboard.Application.UnitTests\ClaudeAgentDashboard.Application.UnitTests.csproj", "{373D68CC-5F9D-B123-295E-2AEA8D9B6158}"
EndProject
Project("{FAE04EC0-301F-11D3-BF4B-00C04F79EFBC}") = "ClaudeAgentDashboard.Architecture.Tests", "tests\ClaudeAgentDashboard.Architecture.Tests\ClaudeAgentDashboard.Architecture.Tests.csproj", "{3DC8FE14-CB21-397E-99FA-52AFED3EFD36}"
EndProject
Project("{FAE04EC0-301F-11D3-BF4B-00C04F79EFBC}") = "ClaudeAgentDashboard.Domain.UnitTests", "tests\ClaudeAgentDashboard.Domain.UnitTests\ClaudeAgentDashboard.Domain.UnitTests.csproj", "{7601390E-BD4C-C8F0-75DA-A58BFF7FAAD6}"
EndProject
Global
	GlobalSection(SolutionConfigurationPlatforms) = preSolution
		Debug|Any CPU = Debug|Any CPU
		Release|Any CPU = Release|Any CPU
	EndGlobalSection
	GlobalSection(ProjectConfigurationPlatforms) = postSolution
		{B9F439C6-694B-4E44-FAFE-34B207BBA4FD}.Debug|Any CPU.ActiveCfg = Debug|Any CPU
		{B9F439C6-694B-4E44-FAFE-34B207BBA4FD}.Debug|Any CPU.Build.0 = Debug|Any CPU
		{B9F439C6-694B-4E44-FAFE-34B207BBA4FD}.Release|Any CPU.ActiveCfg = Release|Any CPU
		{B9F439C6-694B-4E44-FAFE-34B207BBA4FD}.Release|Any CPU.Build.0 = Release|Any CPU
		{F3365C27-B30F-63A5-9295-6CA3D332A1B1}.Debug|Any CPU.ActiveCfg = Debug|Any CPU
		{F3365C27-B30F-63A5-9295-6CA3D332A1B1}.Debug|Any CPU.Build.0 = Debug|Any CPU
		{F3365C27-B30F-63A5-9295-6CA3D332A1B1}.Release|Any CPU.ActiveCfg = Release|Any CPU
		{F3365C27-B30F-63A5-9295-6CA3D332A1B1}.Release|Any CPU.Build.0 = Release|Any CPU
		{8DF4762E-C84E-B6F3-3DA2-E942C5150DA8}.Debug|Any CPU.ActiveCfg = Debug|Any CPU
		{8DF4762E-C84E-B6F3-3DA2-E942C5150DA8}.Debug|Any CPU.Build.0 = Debug|Any CPU
		{8DF4762E-C84E-B6F3-3DA2-E942C5150DA8}.Release|Any CPU.ActiveCfg = Release|Any CPU
		{8DF4762E-C84E-B6F3-3DA2-E942C5150DA8}.Release|Any CPU.Build.0 = Release|Any CPU
		{DD96E0AE-AA53-463B-CAC7-81B5AC4BD2AA}.Debug|Any CPU.ActiveCfg = Debug|Any CPU
		{DD96E0AE-AA53-463B-CAC7-81B5AC4BD2AA}.Debug|Any CPU.Build.0 = Debug|Any CPU
		{DD96E0AE-AA53-463B-CAC7-81B5AC4BD2AA}.Release|Any CPU.ActiveCfg = Release|Any CPU
		{DD96E0AE-AA53-463B-CAC7-81B5AC4BD2AA}.Release|Any CPU.Build.0 = Release|Any CPU
		{373D68CC-5F9D-B123-295E-2AEA8D9B6158}.Debug|Any CPU.ActiveCfg = Debug|Any CPU
		{373D68CC-5F9D-B123-295E-2AEA8D9B6158}.Debug|Any CPU.Build.0 = Debug|Any CPU
		{373D68CC-5F9D-B123-295E-2AEA8D9B6158}.Release|Any CPU.ActiveCfg = Release|Any CPU
		{373D68CC-5F9D-B123-295E-2AEA8D9B6158}.Release|Any CPU.Build.0 = Release|Any CPU
		{3DC8FE14-CB21-397E-99FA-52AFED3EFD36}.Debug|Any CPU.ActiveCfg = Debug|Any CPU
		{3DC8FE14-CB21-397E-99FA-52AFED3EFD36}.Debug|Any CPU.Build.0 = Debug|Any CPU
		{3DC8FE14-CB21-397E-99FA-52AFED3EFD36}.Release|Any CPU.ActiveCfg = Release|Any CPU
		{3DC8FE14-CB21-397E-99FA-52AFED3EFD36}.Release|Any CPU.Build.0 = Release|Any CPU
		{7601390E-BD4C-C8F0-75DA-A58BFF7FAAD6}.Debug|Any CPU.ActiveCfg = Debug|Any CPU
		{7601390E-BD4C-C8F0-75DA-A58BFF7FAAD6}.Debug|Any CPU.Build.0 = Debug|Any CPU
		{7601390E-BD4C-C8F0-75DA-A58BFF7FAAD6}.Release|Any CPU.ActiveCfg = Release|Any CPU
		{7601390E-BD4C-C8F0-75DA-A58BFF7FAAD6}.Release|Any CPU.Build.0 = Release|Any CPU
	EndGlobalSection
	GlobalSection(SolutionProperties) = preSolution
		HideSolutionNode = FALSE
	EndGlobalSection
	GlobalSection(NestedProjects) = preSolution
		{373D68CC-5F9D-B123-295E-2AEA8D9B6158} = {93B89E64-25E6-4947-B06C-9F314C4AD52A}
		{3DC8FE14-CB21-397E-99FA-52AFED3EFD36} = {93B89E64-25E6-4947-B06C-9F314C4AD52A}
		{7601390E-BD4C-C8F0-75DA-A58BFF7FAAD6} = {93B89E64-25E6-4947-B06C-9F314C4AD52A}
	EndGlobalSection
	GlobalSection(ExtensibilityGlobals) = postSolution
		SolutionGuid = {21F53617-B97D-4C77-8FFB-5654B45571B0}
	EndGlobalSection
EndGlobal
