
Microsoft Visual Studio Solution File, Format Version 12.00
# Visual Studio Version 17
VisualStudioVersion = 17.14.37216.2 d17.14
MinimumVisualStudioVersion = 10.0.40219.1
Project("{FAE04EC0-301F-11D3-BF4B-00C04F79EFBC}") = "ClaudeAgentDashboard", "ClaudeAgentDashboard\ClaudeAgentDashboard.csproj", "{3B8EB2B9-721B-4EF2-BBA1-630F180018BE}"
EndProject
Global
	GlobalSection(SolutionConfigurationPlatforms) = preSolution
		Debug|Any CPU = Debug|Any CPU
		Release|Any CPU = Release|Any CPU
	EndGlobalSection
	GlobalSection(ProjectConfigurationPlatforms) = postSolution
		{3B8EB2B9-721B-4EF2-BBA1-630F180018BE}.Debug|Any CPU.ActiveCfg = Debug|Any CPU
		{3B8EB2B9-721B-4EF2-BBA1-630F180018BE}.Debug|Any CPU.Build.0 = Debug|Any CPU
		{3B8EB2B9-721B-4EF2-BBA1-630F180018BE}.Release|Any CPU.ActiveCfg = Release|Any CPU
		{3B8EB2B9-721B-4EF2-BBA1-630F180018BE}.Release|Any CPU.Build.0 = Release|Any CPU
	EndGlobalSection
	GlobalSection(SolutionProperties) = preSolution
		HideSolutionNode = FALSE
	EndGlobalSection
	GlobalSection(ExtensibilityGlobals) = postSolution
		SolutionGuid = {21F53617-B97D-4C77-8FFB-5654B45571B0}
	EndGlobalSection
EndGlobal
